
Microsoft Visual Studio Solution File, Format Version 12.00
# Visual Studio Version 16
VisualStudioVersion = 16.0.30709.64
MinimumVisualStudioVersion = 15.0.26124.0
Project("{9A19103F-16F7-4668-BE54-9A1E7A4F7556}") = "IdentityServer", "IdentityServer\IdentityServer.csproj", "{809031EA-C1B6-4BE2-A176-F51088DED9A2}"
EndProject
Project("{9A19103F-16F7-4668-BE54-9A1E7A4F7556}") = "Api", "Api\Api.csproj", "{38D5C511-4902-4C54-B01C-9102529654E6}"
EndProject
Project("{9A19103F-16F7-4668-BE54-9A1E7A4F7556}") = "Models", "Models\Models.csproj", "{30367869-3EC8-4066-8B4F-40E56D40B7AA}"
EndProject
Project("{9A19103F-16F7-4668-BE54-9A1E7A4F7556}") = "WasmAppAuth", "WasmAppAuth\WasmAppAuth.csproj", "{F277359B-82E2-4774-8E18-7A4817F52E67}"
EndProject
Global
	GlobalSection(SolutionConfigurationPlatforms) = preSolution
		Debug|Any CPU = Debug|Any CPU
		Debug|x64 = Debug|x64
		Debug|x86 = Debug|x86
		Release|Any CPU = Release|Any CPU
		Release|x64 = Release|x64
		Release|x86 = Release|x86
	EndGlobalSection
	GlobalSection(ProjectConfigurationPlatforms) = postSolution
		{809031EA-C1B6-4BE2-A176-F51088DED9A2}.Debug|Any CPU.ActiveCfg = Debug|Any CPU
		{809031EA-C1B6-4BE2-A176-F51088DED9A2}.Debug|Any CPU.Build.0 = Debug|Any CPU
		{809031EA-C1B6-4BE2-A176-F51088DED9A2}.Debug|x64.ActiveCfg = Debug|Any CPU
		{809031EA-C1B6-4BE2-A176-F51088DED9A2}.Debug|x64.Build.0 = Debug|Any CPU
		{809031EA-C1B6-4BE2-A176-F51088DED9A2}.Debug|x86.ActiveCfg = Debug|Any CPU
		{809031EA-C1B6-4BE2-A176-F51088DED9A2}.Debug|x86.Build.0 = Debug|Any CPU
		{809031EA-C1B6-4BE2-A176-F51088DED9A2}.Release|Any CPU.ActiveCfg = Release|Any CPU
		{809031EA-C1B6-4BE2-A176-F51088DED9A2}.Release|Any CPU.Build.0 = Release|Any CPU
		{809031EA-C1B6-4BE2-A176-F51088DED9A2}.Release|x64.ActiveCfg = Release|Any CPU
		{809031EA-C1B6-4BE2-A176-F51088DED9A2}.Release|x64.Build.0 = Release|Any CPU
		{809031EA-C1B6-4BE2-A176-F51088DED9A2}.Release|x86.ActiveCfg = Release|Any CPU
		{809031EA-C1B6-4BE2-A176-F51088DED9A2}.Release|x86.Build.0 = Release|Any CPU
		{38D5C511-4902-4C54-B01C-9102529654E6}.Debug|Any CPU.ActiveCfg = Debug|Any CPU
		{38D5C511-4902-4C54-B01C-9102529654E6}.Debug|Any CPU.Build.0 = Debug|Any CPU
		{38D5C511-4902-4C54-B01C-9102529654E6}.Debug|x64.ActiveCfg = Debug|Any CPU
		{38D5C511-4902-4C54-B01C-9102529654E6}.Debug|x64.Build.0 = Debug|Any CPU
		{38D5C511-4902-4C54-B01C-9102529654E6}.Debug|x86.ActiveCfg = Debug|Any CPU
		{38D5C511-4902-4C54-B01C-9102529654E6}.Debug|x86.Build.0 = Debug|Any CPU
		{38D5C511-4902-4C54-B01C-9102529654E6}.Release|Any CPU.ActiveCfg = Release|Any CPU
		{38D5C511-4902-4C54-B01C-9102529654E6}.Release|Any CPU.Build.0 = Release|Any CPU
		{38D5C511-4902-4C54-B01C-9102529654E6}.Release|x64.ActiveCfg = Release|Any CPU
		{38D5C511-4902-4C54-B01C-9102529654E6}.Release|x64.Build.0 = Release|Any CPU
		{38D5C511-4902-4C54-B01C-9102529654E6}.Release|x86.ActiveCfg = Release|Any CPU
		{38D5C511-4902-4C54-B01C-9102529654E6}.Release|x86.Build.0 = Release|Any CPU
		{30367869-3EC8-4066-8B4F-40E56D40B7AA}.Debug|Any CPU.ActiveCfg = Debug|Any CPU
		{30367869-3EC8-4066-8B4F-40E56D40B7AA}.Debug|Any CPU.Build.0 = Debug|Any CPU
		{30367869-3EC8-4066-8B4F-40E56D40B7AA}.Debug|x64.ActiveCfg = Debug|Any CPU
		{30367869-3EC8-4066-8B4F-40E56D40B7AA}.Debug|x64.Build.0 = Debug|Any CPU
		{30367869-3EC8-4066-8B4F-40E56D40B7AA}.Debug|x86.ActiveCfg = Debug|Any CPU
		{30367869-3EC8-4066-8B4F-40E56D40B7AA}.Debug|x86.Build.0 = Debug|Any CPU
		{30367869-3EC8-4066-8B4F-40E56D40B7AA}.Release|Any CPU.ActiveCfg = Release|Any CPU
		{30367869-3EC8-4066-8B4F-40E56D40B7AA}.Release|Any CPU.Build.0 = Release|Any CPU
		{30367869-3EC8-4066-8B4F-40E56D40B7AA}.Release|x64.ActiveCfg = Release|Any CPU
		{30367869-3EC8-4066-8B4F-40E56D40B7AA}.Release|x64.Build.0 = Release|Any CPU
		{30367869-3EC8-4066-8B4F-40E56D40B7AA}.Release|x86.ActiveCfg = Release|Any CPU
		{30367869-3EC8-4066-8B4F-40E56D40B7AA}.Release|x86.Build.0 = Release|Any CPU
		{F277359B-82E2-4774-8E18-7A4817F52E67}.Debug|Any CPU.ActiveCfg = Debug|Any CPU
		{F277359B-82E2-4774-8E18-7A4817F52E67}.Debug|Any CPU.Build.0 = Debug|Any CPU
		{F277359B-82E2-4774-8E18-7A4817F52E67}.Debug|x64.ActiveCfg = Debug|Any CPU
		{F277359B-82E2-4774-8E18-7A4817F52E67}.Debug|x64.Build.0 = Debug|Any CPU
		{F277359B-82E2-4774-8E18-7A4817F52E67}.Debug|x86.ActiveCfg = Debug|Any CPU
		{F277359B-82E2-4774-8E18-7A4817F52E67}.Debug|x86.Build.0 = Debug|Any CPU
		{F277359B-82E2-4774-8E18-7A4817F52E67}.Release|Any CPU.ActiveCfg = Release|Any CPU
		{F277359B-82E2-4774-8E18-7A4817F52E67}.Release|Any CPU.Build.0 = Release|Any CPU
		{F277359B-82E2-4774-8E18-7A4817F52E67}.Release|x64.ActiveCfg = Release|Any CPU
		{F277359B-82E2-4774-8E18-7A4817F52E67}.Release|x64.Build.0 = Release|Any CPU
		{F277359B-82E2-4774-8E18-7A4817F52E67}.Release|x86.ActiveCfg = Release|Any CPU
		{F277359B-82E2-4774-8E18-7A4817F52E67}.Release|x86.Build.0 = Release|Any CPU
	EndGlobalSection
	GlobalSection(SolutionProperties) = preSolution
		HideSolutionNode = FALSE
	EndGlobalSection
	GlobalSection(ExtensibilityGlobals) = postSolution
		SolutionGuid = {CCB0C9B7-69AF-4BAE-A931-DD356F86D0A2}
	EndGlobalSection
EndGlobal
